
Microsoft Visual Studio Solution File, Format Version 12.00
# Visual Studio Version 17
VisualStudioVersion = 17.5.002.0
MinimumVisualStudioVersion = 10.0.40219.1
Project("{9A19103F-16F7-4668-BE54-9A1E7A4F7556}") = "Exo.WebApi", "Exo.WebApi.csproj", "{BFAF161C-780B-4876-909F-336751A6059F}"
EndProject
Global
	GlobalSection(SolutionConfigurationPlatforms) = preSolution
		Debug|Any CPU = Debug|Any CPU
		Release|Any CPU = Release|Any CPU
	EndGlobalSection
	GlobalSection(ProjectConfigurationPlatforms) = postSolution
		{BFAF161C-780B-4876-909F-336751A6059F}.Debug|Any CPU.ActiveCfg = Debug|Any CPU
		{BFAF161C-780B-4876-909F-336751A6059F}.Debug|Any CPU.Build.0 = Debug|Any CPU
		{BFAF161C-780B-4876-909F-336751A6059F}.Release|Any CPU.ActiveCfg = Release|Any CPU
		{BFAF161C-780B-4876-909F-336751A6059F}.Release|Any CPU.Build.0 = Release|Any CPU
	EndGlobalSection
	GlobalSection(SolutionProperties) = preSolution
		HideSolutionNode = FALSE
	EndGlobalSection
	GlobalSection(ExtensibilityGlobals) = postSolution
		SolutionGuid = {60DEFC2F-5E09-40CD-A8DB-88760BAA08A7}
	EndGlobalSection
EndGlobal
